// !$*UTF8*$!
{
	archiveVersion = 1;
	classes = {
	};
	objectVersion = 46;
	objects = {

/* Begin PBXBuildFile section */
		C795A05319585ACE00086DA8 /* FHSTwitterEngine in Resources */ = {isa = PBXBuildFile; fileRef = C795A05219585ACE00086DA8 /* FHSTwitterEngine */; };
		C795A05719585D7600086DA8 /* FHSTwitterEngine in Sources */ = {isa = PBXBuildFile; fileRef = C795A05219585ACE00086DA8 /* FHSTwitterEngine */; settings = {COMPILER_FLAGS = "-fno-objc-arc"; }; };
		C795A05919585F8200086DA8 /* SystemConfiguration.framework in Frameworks */ = {isa = PBXBuildFile; fileRef = C795A05819585F8200086DA8 /* SystemConfiguration.framework */; };
		C7D9C0891957E738008FF237 /* Foundation.framework in Frameworks */ = {isa = PBXBuildFile; fileRef = C7D9C0881957E738008FF237 /* Foundation.framework */; };
		C7D9C08B1957E738008FF237 /* CoreGraphics.framework in Frameworks */ = {isa = PBXBuildFile; fileRef = C7D9C08A1957E738008FF237 /* CoreGraphics.framework */; };
		C7D9C08D1957E738008FF237 /* UIKit.framework in Frameworks */ = {isa = PBXBuildFile; fileRef = C7D9C08C1957E738008FF237 /* UIKit.framework */; };
		C7D9C0931957E738008FF237 /* InfoPlist.strings in Resources */ = {isa = PBXBuildFile; fileRef = C7D9C0911957E738008FF237 /* InfoPlist.strings */; };
		C7D9C0951957E738008FF237 /* main.m in Sources */ = {isa = PBXBuildFile; fileRef = C7D9C0941957E738008FF237 /* main.m */; };
		C7D9C0991957E738008FF237 /* AppDelegate.m in Sources */ = {isa = PBXBuildFile; fileRef = C7D9C0981957E738008FF237 /* AppDelegate.m */; };
		C7D9C09C1957E738008FF237 /* Main.storyboard in Resources */ = {isa = PBXBuildFile; fileRef = C7D9C09A1957E738008FF237 /* Main.storyboard */; };
		C7D9C09F1957E738008FF237 /* ViewController.m in Sources */ = {isa = PBXBuildFile; fileRef = C7D9C09E1957E738008FF237 /* ViewController.m */; };
		C7D9C0A11957E738008FF237 /* Images.xcassets in Resources */ = {isa = PBXBuildFile; fileRef = C7D9C0A01957E738008FF237 /* Images.xcassets */; };
		C7D9C0A81957E738008FF237 /* XCTest.framework in Frameworks */ = {isa = PBXBuildFile; fileRef = C7D9C0A71957E738008FF237 /* XCTest.framework */; };
		C7D9C0A91957E738008FF237 /* Foundation.framework in Frameworks */ = {isa = PBXBuildFile; fileRef = C7D9C0881957E738008FF237 /* Foundation.framework */; };
		C7D9C0AA1957E738008FF237 /* UIKit.framework in Frameworks */ = {isa = PBXBuildFile; fileRef = C7D9C08C1957E738008FF237 /* UIKit.framework */; };
		C7D9C0B21957E738008FF237 /* InfoPlist.strings in Resources */ = {isa = PBXBuildFile; fileRef = C7D9C0B01957E738008FF237 /* InfoPlist.strings */; };
		C7D9C0B41957E738008FF237 /* YoTests.m in Sources */ = {isa = PBXBuildFile; fileRef = C7D9C0B31957E738008FF237 /* YoTests.m */; };
		C7D9C0E71957F4D8008FF237 /* Accounts.framework in Frameworks */ = {isa = PBXBuildFile; fileRef = C7D9C0E61957F4D8008FF237 /* Accounts.framework */; };
		C7D9C0E91957F4DD008FF237 /* Social.framework in Frameworks */ = {isa = PBXBuildFile; fileRef = C7D9C0E81957F4DD008FF237 /* Social.framework */; };
/* End PBXBuildFile section */

/* Begin PBXContainerItemProxy section */
		C7D9C0AB1957E738008FF237 /* PBXContainerItemProxy */ = {
			isa = PBXContainerItemProxy;
			containerPortal = C7D9C07D1957E738008FF237 /* Project object */;
			proxyType = 1;
			remoteGlobalIDString = C7D9C0841957E738008FF237;
			remoteInfo = Yo;
		};
/* End PBXContainerItemProxy section */

/* Begin PBXFileReference section */
		C795A05219585ACE00086DA8 /* FHSTwitterEngine */ = {isa = PBXFileReference; lastKnownFileType = folder; path = FHSTwitterEngine; sourceTree = "<group>"; };
		C795A05819585F8200086DA8 /* SystemConfiguration.framework */ = {isa = PBXFileReference; lastKnownFileType = wrapper.framework; name = SystemConfiguration.framework; path = System/Library/Frameworks/SystemConfiguration.framework; sourceTree = SDKROOT; };
		C7D9C0851957E738008FF237 /* Yo.app */ = {isa = PBXFileReference; explicitFileType = wrapper.application; includeInIndex = 0; path = Yo.app; sourceTree = BUILT_PRODUCTS_DIR; };
		C7D9C0881957E738008FF237 /* Foundation.framework */ = {isa = PBXFileReference; lastKnownFileType = wrapper.framework; name = Foundation.framework; path = System/Library/Frameworks/Foundation.framework; sourceTree = SDKROOT; };
		C7D9C08A1957E738008FF237 /* CoreGraphics.framework */ = {isa = PBXFileReference; lastKnownFileType = wrapper.framework; name = CoreGraphics.framework; path = System/Library/Frameworks/CoreGraphics.framework; sourceTree = SDKROOT; };
		C7D9C08C1957E738008FF237 /* UIKit.framework */ = {isa = PBXFileReference; lastKnownFileType = wrapper.framework; name = UIKit.framework; path = System/Library/Frameworks/UIKit.framework; sourceTree = SDKROOT; };
		C7D9C0901957E738008FF237 /* Yo-Info.plist */ = {isa = PBXFileReference; lastKnownFileType = text.plist.xml; path = "Yo-Info.plist"; sourceTree = "<group>"; };
		C7D9C0921957E738008FF237 /* en */ = {isa = PBXFileReference; lastKnownFileType = text.plist.strings; name = en; path = en.lproj/InfoPlist.strings; sourceTree = "<group>"; };
		C7D9C0941957E738008FF237 /* main.m */ = {isa = PBXFileReference; lastKnownFileType = sourcecode.c.objc; path = main.m; sourceTree = "<group>"; };
		C7D9C0961957E738008FF237 /* Yo-Prefix.pch */ = {isa = PBXFileReference; lastKnownFileType = sourcecode.c.h; path = "Yo-Prefix.pch"; sourceTree = "<group>"; };
		C7D9C0971957E738008FF237 /* AppDelegate.h */ = {isa = PBXFileReference; lastKnownFileType = sourcecode.c.h; path = AppDelegate.h; sourceTree = "<group>"; };
		C7D9C0981957E738008FF237 /* AppDelegate.m */ = {isa = PBXFileReference; lastKnownFileType = sourcecode.c.objc; path = AppDelegate.m; sourceTree = "<group>"; };
		C7D9C09B1957E738008FF237 /* Base */ = {isa = PBXFileReference; lastKnownFileType = file.storyboard; name = Base; path = Base.lproj/Main.storyboard; sourceTree = "<group>"; };
		C7D9C09D1957E738008FF237 /* ViewController.h */ = {isa = PBXFileReference; lastKnownFileType = sourcecode.c.h; path = ViewController.h; sourceTree = "<group>"; };
		C7D9C09E1957E738008FF237 /* ViewController.m */ = {isa = PBXFileReference; lastKnownFileType = sourcecode.c.objc; path = ViewController.m; sourceTree = "<group>"; };
		C7D9C0A01957E738008FF237 /* Images.xcassets */ = {isa = PBXFileReference; lastKnownFileType = folder.assetcatalog; path = Images.xcassets; sourceTree = "<group>"; };
		C7D9C0A61957E738008FF237 /* YoTests.xctest */ = {isa = PBXFileReference; explicitFileType = wrapper.cfbundle; includeInIndex = 0; path = YoTests.xctest; sourceTree = BUILT_PRODUCTS_DIR; };
		C7D9C0A71957E738008FF237 /* XCTest.framework */ = {isa = PBXFileReference; lastKnownFileType = wrapper.framework; name = XCTest.framework; path = Library/Frameworks/XCTest.framework; sourceTree = DEVELOPER_DIR; };
		C7D9C0AF1957E738008FF237 /* YoTests-Info.plist */ = {isa = PBXFileReference; lastKnownFileType = text.plist.xml; path = "YoTests-Info.plist"; sourceTree = "<group>"; };
		C7D9C0B11957E738008FF237 /* en */ = {isa = PBXFileReference; lastKnownFileType = text.plist.strings; name = en; path = en.lproj/InfoPlist.strings; sourceTree = "<group>"; };
		C7D9C0B31957E738008FF237 /* YoTests.m */ = {isa = PBXFileReference; lastKnownFileType = sourcecode.c.objc; path = YoTests.m; sourceTree = "<group>"; };
		C7D9C0E61957F4D8008FF237 /* Accounts.framework */ = {isa = PBXFileReference; lastKnownFileType = wrapper.framework; name = Accounts.framework; path = System/Library/Frameworks/Accounts.framework; sourceTree = SDKROOT; };
		C7D9C0E81957F4DD008FF237 /* Social.framework */ = {isa = PBXFileReference; lastKnownFileType = wrapper.framework; name = Social.framework; path = System/Library/Frameworks/Social.framework; sourceTree = SDKROOT; };
/* End PBXFileReference section */

/* Begin PBXFrameworksBuildPhase section */
		C7D9C0821957E738008FF237 /* Frameworks */ = {
			isa = PBXFrameworksBuildPhase;
			buildActionMask = 2147483647;
			files = (
				C795A05919585F8200086DA8 /* SystemConfiguration.framework in Frameworks */,
				C7D9C0E91957F4DD008FF237 /* Social.framework in Frameworks */,
				C7D9C0E71957F4D8008FF237 /* Accounts.framework in Frameworks */,
				C7D9C08B1957E738008FF237 /* CoreGraphics.framework in Frameworks */,
				C7D9C08D1957E738008FF237 /* UIKit.framework in Frameworks */,
				C7D9C0891957E738008FF237 /* Foundation.framework in Frameworks */,
			);
			runOnlyForDeploymentPostprocessing = 0;
		};
		C7D9C0A31957E738008FF237 /* Frameworks */ = {
			isa = PBXFrameworksBuildPhase;
			buildActionMask = 2147483647;
			files = (
				C7D9C0A81957E738008FF237 /* XCTest.framework in Frameworks */,
				C7D9C0AA1957E738008FF237 /* UIKit.framework in Frameworks */,
				C7D9C0A91957E738008FF237 /* Foundation.framework in Frameworks */,
			);
			runOnlyForDeploymentPostprocessing = 0;
		};
/* End PBXFrameworksBuildPhase section */

/* Begin PBXGroup section */
		C7D9C07C1957E738008FF237 = {
			isa = PBXGroup;
			children = (
				C7D9C08E1957E738008FF237 /* Yo */,
				C7D9C0AD1957E738008FF237 /* YoTests */,
				C7D9C0871957E738008FF237 /* Frameworks */,
				C7D9C0861957E738008FF237 /* Products */,
			);
			sourceTree = "<group>";
		};
		C7D9C0861957E738008FF237 /* Products */ = {
			isa = PBXGroup;
			children = (
				C7D9C0851957E738008FF237 /* Yo.app */,
				C7D9C0A61957E738008FF237 /* YoTests.xctest */,
			);
			name = Products;
			sourceTree = "<group>";
		};
		C7D9C0871957E738008FF237 /* Frameworks */ = {
			isa = PBXGroup;
			children = (
				C795A05819585F8200086DA8 /* SystemConfiguration.framework */,
				C7D9C0E81957F4DD008FF237 /* Social.framework */,
				C7D9C0E61957F4D8008FF237 /* Accounts.framework */,
				C7D9C0881957E738008FF237 /* Foundation.framework */,
				C7D9C08A1957E738008FF237 /* CoreGraphics.framework */,
				C7D9C08C1957E738008FF237 /* UIKit.framework */,
				C7D9C0A71957E738008FF237 /* XCTest.framework */,
			);
			name = Frameworks;
			sourceTree = "<group>";
		};
		C7D9C08E1957E738008FF237 /* Yo */ = {
			isa = PBXGroup;
			children = (
				C7D9C0971957E738008FF237 /* AppDelegate.h */,
				C7D9C0981957E738008FF237 /* AppDelegate.m */,
				C7D9C09A1957E738008FF237 /* Main.storyboard */,
				C7D9C09D1957E738008FF237 /* ViewController.h */,
				C7D9C09E1957E738008FF237 /* ViewController.m */,
				C7D9C0A01957E738008FF237 /* Images.xcassets */,
				C795A05219585ACE00086DA8 /* FHSTwitterEngine */,
				C7D9C08F1957E738008FF237 /* Supporting Files */,
			);
			path = Yo;
			sourceTree = "<group>";
		};
		C7D9C08F1957E738008FF237 /* Supporting Files */ = {
			isa = PBXGroup;
			children = (
				C7D9C0901957E738008FF237 /* Yo-Info.plist */,
				C7D9C0911957E738008FF237 /* InfoPlist.strings */,
				C7D9C0941957E738008FF237 /* main.m */,
				C7D9C0961957E738008FF237 /* Yo-Prefix.pch */,
			);
			name = "Supporting Files";
			sourceTree = "<group>";
		};
		C7D9C0AD1957E738008FF237 /* YoTests */ = {
			isa = PBXGroup;
			children = (
				C7D9C0B31957E738008FF237 /* YoTests.m */,
				C7D9C0AE1957E738008FF237 /* Supporting Files */,
			);
			path = YoTests;
			sourceTree = "<group>";
		};
		C7D9C0AE1957E738008FF237 /* Supporting Files */ = {
			isa = PBXGroup;
			children = (
				C7D9C0AF1957E738008FF237 /* YoTests-Info.plist */,
				C7D9C0B01957E738008FF237 /* InfoPlist.strings */,
			);
			name = "Supporting Files";
			sourceTree = "<group>";
		};
/* End PBXGroup section */

/* Begin PBXNativeTarget section */
		C7D9C0841957E738008FF237 /* Yo */ = {
			isa = PBXNativeTarget;
			buildConfigurationList = C7D9C0B71957E738008FF237 /* Build configuration list for PBXNativeTarget "Yo" */;
			buildPhases = (
				C7D9C0811957E738008FF237 /* Sources */,
				C7D9C0821957E738008FF237 /* Frameworks */,
				C7D9C0831957E738008FF237 /* Resources */,
			);
			buildRules = (
			);
			dependencies = (
			);
			name = Yo;
			productName = Yo;
			productReference = C7D9C0851957E738008FF237 /* Yo.app */;
			productType = "com.apple.product-type.application";
		};
		C7D9C0A51957E738008FF237 /* YoTests */ = {
			isa = PBXNativeTarget;
			buildConfigurationList = C7D9C0BA1957E738008FF237 /* Build configuration list for PBXNativeTarget "YoTests" */;
			buildPhases = (
				C7D9C0A21957E738008FF237 /* Sources */,
				C7D9C0A31957E738008FF237 /* Frameworks */,
				C7D9C0A41957E738008FF237 /* Resources */,
			);
			buildRules = (
			);
			dependencies = (
				C7D9C0AC1957E738008FF237 /* PBXTargetDependency */,
			);
			name = YoTests;
			productName = YoTests;
			productReference = C7D9C0A61957E738008FF237 /* YoTests.xctest */;
			productType = "com.apple.product-type.bundle.unit-test";
		};
/* End PBXNativeTarget section */

/* Begin PBXProject section */
		C7D9C07D1957E738008FF237 /* Project object */ = {
			isa = PBXProject;
			attributes = {
				LastUpgradeCheck = 0510;
				ORGANIZATIONNAME = "ohta tomotaka";
				TargetAttributes = {
					C7D9C0A51957E738008FF237 = {
						TestTargetID = C7D9C0841957E738008FF237;
					};
				};
			};
			buildConfigurationList = C7D9C0801957E738008FF237 /* Build configuration list for PBXProject "Yo" */;
			compatibilityVersion = "Xcode 3.2";
			developmentRegion = English;
			hasScannedForEncodings = 0;
			knownRegions = (
				en,
				Base,
			);
			mainGroup = C7D9C07C1957E738008FF237;
			productRefGroup = C7D9C0861957E738008FF237 /* Products */;
			projectDirPath = "";
			projectRoot = "";
			targets = (
				C7D9C0841957E738008FF237 /* Yo */,
				C7D9C0A51957E738008FF237 /* YoTests */,
			);
		};
/* End PBXProject section */

/* Begin PBXResourcesBuildPhase section */
		C7D9C0831957E738008FF237 /* Resources */ = {
			isa = PBXResourcesBuildPhase;
			buildActionMask = 2147483647;
			files = (
				C7D9C0A11957E738008FF237 /* Images.xcassets in Resources */,
				C7D9C0931957E738008FF237 /* InfoPlist.strings in Resources */,
				C795A05319585ACE00086DA8 /* FHSTwitterEngine in Resources */,
				C7D9C09C1957E738008FF237 /* Main.storyboard in Resources */,
			);
			runOnlyForDeploymentPostprocessing = 0;
		};
		C7D9C0A41957E738008FF237 /* Resources */ = {
			isa = PBXResourcesBuildPhase;
			buildActionMask = 2147483647;
			files = (
				C7D9C0B21957E738008FF237 /* InfoPlist.strings in Resources */,
			);
			runOnlyForDeploymentPostprocessing = 0;
		};
/* End PBXResourcesBuildPhase section */

/* Begin PBXSourcesBuildPhase section */
		C7D9C0811957E738008FF237 /* Sources */ = {
			isa = PBXSourcesBuildPhase;
			buildActionMask = 2147483647;
			files = (
				C795A05719585D7600086DA8 /* FHSTwitterEngine in Sources */,
				C7D9C09F1957E738008FF237 /* ViewController.m in Sources */,
				C7D9C0991957E738008FF237 /* AppDelegate.m in Sources */,
				C7D9C0951957E738008FF237 /* main.m in Sources */,
			);
			runOnlyForDeploymentPostprocessing = 0;
		};
		C7D9C0A21957E738008FF237 /* Sources */ = {
			isa = PBXSourcesBuildPhase;
			buildActionMask = 2147483647;
			files = (
				C7D9C0B41957E738008FF237 /* YoTests.m in Sources */,
			);
			runOnlyForDeploymentPostprocessing = 0;
		};
/* End PBXSourcesBuildPhase section */

/* Begin PBXTargetDependency section */
		C7D9C0AC1957E738008FF237 /* PBXTargetDependency */ = {
			isa = PBXTargetDependency;
			target = C7D9C0841957E738008FF237 /* Yo */;
			targetProxy = C7D9C0AB1957E738008FF237 /* PBXContainerItemProxy */;
		};
/* End PBXTargetDependency section */

/* Begin PBXVariantGroup section */
		C7D9C0911957E738008FF237 /* InfoPlist.strings */ = {
			isa = PBXVariantGroup;
			children = (
				C7D9C0921957E738008FF237 /* en */,
			);
			name = InfoPlist.strings;
			sourceTree = "<group>";
		};
		C7D9C09A1957E738008FF237 /* Main.storyboard */ = {
			isa = PBXVariantGroup;
			children = (
				C7D9C09B1957E738008FF237 /* Base */,
			);
			name = Main.storyboard;
			sourceTree = "<group>";
		};
		C7D9C0B01957E738008FF237 /* InfoPlist.strings */ = {
			isa = PBXVariantGroup;
			children = (
				C7D9C0B11957E738008FF237 /* en */,
			);
			name = InfoPlist.strings;
			sourceTree = "<group>";
		};
/* End PBXVariantGroup section */

/* Begin XCBuildConfiguration section */
		C7D9C0B51957E738008FF237 /* Debug */ = {
			isa = XCBuildConfiguration;
			buildSettings = {
				ALWAYS_SEARCH_USER_PATHS = NO;
				CLANG_CXX_LANGUAGE_STANDARD = "gnu++0x";
				CLANG_CXX_LIBRARY = "libc++";
				CLANG_ENABLE_MODULES = YES;
				CLANG_ENABLE_OBJC_ARC = YES;
				CLANG_WARN_BOOL_CONVERSION = YES;
				CLANG_WARN_CONSTANT_CONVERSION = YES;
				CLANG_WARN_DIRECT_OBJC_ISA_USAGE = YES_ERROR;
				CLANG_WARN_EMPTY_BODY = YES;
				CLANG_WARN_ENUM_CONVERSION = YES;
				CLANG_WARN_INT_CONVERSION = YES;
				CLANG_WARN_OBJC_ROOT_CLASS = YES_ERROR;
				CLANG_WARN__DUPLICATE_METHOD_MATCH = YES;
				"CODE_SIGN_IDENTITY[sdk=iphoneos*]" = "iPhone Developer";
				COPY_PHASE_STRIP = NO;
				GCC_C_LANGUAGE_STANDARD = gnu99;
				GCC_DYNAMIC_NO_PIC = NO;
				GCC_OPTIMIZATION_LEVEL = 0;
				GCC_PREPROCESSOR_DEFINITIONS = (
					"DEBUG=1",
					"$(inherited)",
				);
				GCC_SYMBOLS_PRIVATE_EXTERN = NO;
				GCC_WARN_64_TO_32_BIT_CONVERSION = YES;
				GCC_WARN_ABOUT_RETURN_TYPE = YES_ERROR;
				GCC_WARN_UNDECLARED_SELECTOR = YES;
				GCC_WARN_UNINITIALIZED_AUTOS = YES_AGGRESSIVE;
				GCC_WARN_UNUSED_FUNCTION = YES;
				GCC_WARN_UNUSED_VARIABLE = YES;
				IPHONEOS_DEPLOYMENT_TARGET = 7.1;
				ONLY_ACTIVE_ARCH = YES;
				SDKROOT = iphoneos;
			};
			name = Debug;
		};
		C7D9C0B61957E738008FF237 /* Release */ = {
			isa = XCBuildConfiguration;
			buildSettings = {
				ALWAYS_SEARCH_USER_PATHS = NO;
				CLANG_CXX_LANGUAGE_STANDARD = "gnu++0x";
				CLANG_CXX_LIBRARY = "libc++";
				CLANG_ENABLE_MODULES = YES;
				CLANG_ENABLE_OBJC_ARC = YES;
				CLANG_WARN_BOOL_CONVERSION = YES;
				CLANG_WARN_CONSTANT_CONVERSION = YES;
				CLANG_WARN_DIRECT_OBJC_ISA_USAGE = YES_ERROR;
				CLANG_WARN_EMPTY_BODY = YES;
				CLANG_WARN_ENUM_CONVERSION = YES;
				CLANG_WARN_INT_CONVERSION = YES;
				CLANG_WARN_OBJC_ROOT_CLASS = YES_ERROR;
				CLANG_WARN__DUPLICATE_METHOD_MATCH = YES;
				"CODE_SIGN_IDENTITY[sdk=iphoneos*]" = "iPhone Developer";
				COPY_PHASE_STRIP = YES;
				ENABLE_NS_ASSERTIONS = NO;
				GCC_C_LANGUAGE_STANDARD = gnu99;
				GCC_WARN_64_TO_32_BIT_CONVERSION = YES;
				GCC_WARN_ABOUT_RETURN_TYPE = YES_ERROR;
				GCC_WARN_UNDECLARED_SELECTOR = YES;
				GCC_WARN_UNINITIALIZED_AUTOS = YES_AGGRESSIVE;
				GCC_WARN_UNUSED_FUNCTION = YES;
				GCC_WARN_UNUSED_VARIABLE = YES;
				IPHONEOS_DEPLOYMENT_TARGET = 7.1;
				SDKROOT = iphoneos;
				VALIDATE_PRODUCT = YES;
			};
			name = Release;
		};
		C7D9C0B81957E738008FF237 /* Debug */ = {
			isa = XCBuildConfiguration;
			buildSettings = {
				ASSETCATALOG_COMPILER_APPICON_NAME = AppIcon;
				ASSETCATALOG_COMPILER_LAUNCHIMAGE_NAME = LaunchImage;
				GCC_PRECOMPILE_PREFIX_HEADER = YES;
				GCC_PREFIX_HEADER = "Yo/Yo-Prefix.pch";
				INFOPLIST_FILE = "Yo/Yo-Info.plist";
				PRODUCT_NAME = "$(TARGET_NAME)";
				WRAPPER_EXTENSION = app;
			};
			name = Debug;
		};
		C7D9C0B91957E738008FF237 /* Release */ = {
			isa = XCBuildConfiguration;
			buildSettings = {
				ASSETCATALOG_COMPILER_APPICON_NAME = AppIcon;
				ASSETCATALOG_COMPILER_LAUNCHIMAGE_NAME = LaunchImage;
				GCC_PRECOMPILE_PREFIX_HEADER = YES;
				GCC_PREFIX_HEADER = "Yo/Yo-Prefix.pch";
				INFOPLIST_FILE = "Yo/Yo-Info.plist";
				PRODUCT_NAME = "$(TARGET_NAME)";
				WRAPPER_EXTENSION = app;
			};
			name = Release;
		};
		C7D9C0BB1957E738008FF237 /* Debug */ = {
			isa = XCBuildConfiguration;
			buildSettings = {
				BUNDLE_LOADER = "$(BUILT_PRODUCTS_DIR)/Yo.app/Yo";
				FRAMEWORK_SEARCH_PATHS = (
					"$(SDKROOT)/Developer/Library/Frameworks",
					"$(inherited)",
					"$(DEVELOPER_FRAMEWORKS_DIR)",
				);
				GCC_PRECOMPILE_PREFIX_HEADER = YES;
				GCC_PREFIX_HEADER = "Yo/Yo-Prefix.pch";
				GCC_PREPROCESSOR_DEFINITIONS = (
					"DEBUG=1",
					"$(inherited)",
				);
				INFOPLIST_FILE = "YoTests/YoTests-Info.plist";
				PRODUCT_NAME = "$(TARGET_NAME)";
				TEST_HOST = "$(BUNDLE_LOADER)";
				WRAPPER_EXTENSION = xctest;
			};
			name = Debug;
		};
		C7D9C0BC1957E738008FF237 /* Release */ = {
			isa = XCBuildConfiguration;
			buildSettings = {
				BUNDLE_LOADER = "$(BUILT_PRODUCTS_DIR)/Yo.app/Yo";
				FRAMEWORK_SEARCH_PATHS = (
					"$(SDKROOT)/Developer/Library/Frameworks",
					"$(inherited)",
					"$(DEVELOPER_FRAMEWORKS_DIR)",
				);
				GCC_PRECOMPILE_PREFIX_HEADER = YES;
				GCC_PREFIX_HEADER = "Yo/Yo-Prefix.pch";
				INFOPLIST_FILE = "YoTests/YoTests-Info.plist";
				PRODUCT_NAME = "$(TARGET_NAME)";
				TEST_HOST = "$(BUNDLE_LOADER)";
				WRAPPER_EXTENSION = xctest;
			};
			name = Release;
		};
/* End XCBuildConfiguration section */

/* Begin XCConfigurationList section */
		C7D9C0801957E738008FF237 /* Build configuration list for PBXProject "Yo" */ = {
			isa = XCConfigurationList;
			buildConfigurations = (
				C7D9C0B51957E738008FF237 /* Debug */,
				C7D9C0B61957E738008FF237 /* Release */,
			);
			defaultConfigurationIsVisible = 0;
			defaultConfigurationName = Release;
		};
		C7D9C0B71957E738008FF237 /* Build configuration list for PBXNativeTarget "Yo" */ = {
			isa = XCConfigurationList;
			buildConfigurations = (
				C7D9C0B81957E738008FF237 /* Debug */,
				C7D9C0B91957E738008FF237 /* Release */,
			);
			defaultConfigurationIsVisible = 0;
			defaultConfigurationName = Release;
		};
		C7D9C0BA1957E738008FF237 /* Build configuration list for PBXNativeTarget "YoTests" */ = {
			isa = XCConfigurationList;
			buildConfigurations = (
				C7D9C0BB1957E738008FF237 /* Debug */,
				C7D9C0BC1957E738008FF237 /* Release */,
			);
			defaultConfigurationIsVisible = 0;
			defaultConfigurationName = Release;
		};
/* End XCConfigurationList section */
	};
	rootObject = C7D9C07D1957E738008FF237 /* Project object */;
}
